Microsoft Visual Studio Solution File, Format Version 11.00
# Visual Studio 2008

Project("{FD1C0D05-227C-4A1B-FC1C-34BDA63ADA2A}") = "DominoEffect", "Assembly-CSharp-firstpass.csproj", "{CE6F5C40-00F9-E104-C6D7-0C0762A70FB6}"
EndProject
Project("{FD1C0D05-227C-4A1B-FC1C-34BDA63ADA2A}") = "DominoEffect", "Assembly-CSharp.csproj", "{2EC4965A-A502-2808-C784-4856379A63B6}"
EndProject
Project("{FD1C0D05-227C-4A1B-FC1C-34BDA63ADA2A}") = "DominoEffect", "Assembly-CSharp-Editor.csproj", "{F9838393-944D-0345-8535-27FF22FE5558}"
EndProject
Global
	GlobalSection(SolutionConfigurationPlatforms) = preSolution
		Debug|Any CPU = Debug|Any CPU
		Release|Any CPU = Release|Any CPU
	EndGlobalSection
	GlobalSection(ProjectConfigurationPlatforms) = postSolution
		{CE6F5C40-00F9-E104-C6D7-0C0762A70FB6}.Debug|Any CPU.ActiveCfg = Debug|Any CPU
		{CE6F5C40-00F9-E104-C6D7-0C0762A70FB6}.Debug|Any CPU.Build.0 = Debug|Any CPU
		{CE6F5C40-00F9-E104-C6D7-0C0762A70FB6}.Release|Any CPU.ActiveCfg = Release|Any CPU
		{CE6F5C40-00F9-E104-C6D7-0C0762A70FB6}.Release|Any CPU.Build.0 = Release|Any CPU
		{2EC4965A-A502-2808-C784-4856379A63B6}.Debug|Any CPU.ActiveCfg = Debug|Any CPU
		{2EC4965A-A502-2808-C784-4856379A63B6}.Debug|Any CPU.Build.0 = Debug|Any CPU
		{2EC4965A-A502-2808-C784-4856379A63B6}.Release|Any CPU.ActiveCfg = Release|Any CPU
		{2EC4965A-A502-2808-C784-4856379A63B6}.Release|Any CPU.Build.0 = Release|Any CPU
		{F9838393-944D-0345-8535-27FF22FE5558}.Debug|Any CPU.ActiveCfg = Debug|Any CPU
		{F9838393-944D-0345-8535-27FF22FE5558}.Debug|Any CPU.Build.0 = Debug|Any CPU
		{F9838393-944D-0345-8535-27FF22FE5558}.Release|Any CPU.ActiveCfg = Release|Any CPU
		{F9838393-944D-0345-8535-27FF22FE5558}.Release|Any CPU.Build.0 = Release|Any CPU
	EndGlobalSection
	GlobalSection(SolutionProperties) = preSolution
		HideSolutionNode = FALSE
	EndGlobalSection
	GlobalSection(MonoDevelopProperties) = preSolution
		StartupItem = Assembly-CSharp.csproj
	EndGlobalSection
EndGlobal
