
Microsoft Visual Studio Solution File, Format Version 12.00
# Visual Studio 2015
Project("{FAE04EC0-301F-11D3-BF4B-00C04F79EFBC}") = "DominoEffect.Plugins", "DominoEffect.Plugins.csproj", "{2725BD26-5A73-9C63-8EF8-2CE3575D5BA8}"
EndProject
Project("{FAE04EC0-301F-11D3-BF4B-00C04F79EFBC}") = "DominoEffect", "DominoEffect.csproj", "{18D09A03-7A7A-00DC-16B5-F47FAC219D98}"
EndProject
Project("{FAE04EC0-301F-11D3-BF4B-00C04F79EFBC}") = "DominoEffect.Editor", "DominoEffect.Editor.csproj", "{F87EF0B2-7A01-D4C9-E339-2CAE58B5BC13}"
EndProject
Global
	GlobalSection(SolutionConfigurationPlatforms) = preSolution
		Debug|Any CPU = Debug|Any CPU
		Release|Any CPU = Release|Any CPU
	EndGlobalSection
	GlobalSection(ProjectConfigurationPlatforms) = postSolution
		{2725BD26-5A73-9C63-8EF8-2CE3575D5BA8}.Debug|Any CPU.ActiveCfg = Debug|Any CPU
		{2725BD26-5A73-9C63-8EF8-2CE3575D5BA8}.Debug|Any CPU.Build.0 = Debug|Any CPU
		{2725BD26-5A73-9C63-8EF8-2CE3575D5BA8}.Release|Any CPU.ActiveCfg = Release|Any CPU
		{2725BD26-5A73-9C63-8EF8-2CE3575D5BA8}.Release|Any CPU.Build.0 = Release|Any CPU
		{18D09A03-7A7A-00DC-16B5-F47FAC219D98}.Debug|Any CPU.ActiveCfg = Debug|Any CPU
		{18D09A03-7A7A-00DC-16B5-F47FAC219D98}.Debug|Any CPU.Build.0 = Debug|Any CPU
		{18D09A03-7A7A-00DC-16B5-F47FAC219D98}.Release|Any CPU.ActiveCfg = Release|Any CPU
		{18D09A03-7A7A-00DC-16B5-F47FAC219D98}.Release|Any CPU.Build.0 = Release|Any CPU
		{F87EF0B2-7A01-D4C9-E339-2CAE58B5BC13}.Debug|Any CPU.ActiveCfg = Debug|Any CPU
		{F87EF0B2-7A01-D4C9-E339-2CAE58B5BC13}.Debug|Any CPU.Build.0 = Debug|Any CPU
		{F87EF0B2-7A01-D4C9-E339-2CAE58B5BC13}.Release|Any CPU.ActiveCfg = Release|Any CPU
		{F87EF0B2-7A01-D4C9-E339-2CAE58B5BC13}.Release|Any CPU.Build.0 = Release|Any CPU
	EndGlobalSection
	GlobalSection(SolutionProperties) = preSolution
		HideSolutionNode = FALSE
	EndGlobalSection
EndGlobal
